Microsoft Visual Studio Solution File, Format Version 12.00
# Visual Studio Version 17
VisualStudioVersion = 17.5.2.0
MinimumVisualStudioVersion = 10.0.40219.1
Project("{FAE04EC0-301F-11D3-BF4B-00C04F79EFBC}") = "TicTacToeCS", "TicTacToeCS.csproj", "{C5D142F6-9F4E-CAB7-B2E0-2D61824420CE}"
EndProject
Global
	GlobalSection(SolutionConfigurationPlatforms) = preSolution
		Debug|Any CPU = Debug|Any CPU
		Release|Any CPU = Release|Any CPU
	EndGlobalSection
	GlobalSection(ProjectConfigurationPlatforms) = postSolution
		{C5D142F6-9F4E-CAB7-B2E0-2D61824420CE}.Debug|Any CPU.ActiveCfg = Debug|Any CPU
		{C5D142F6-9F4E-CAB7-B2E0-2D61824420CE}.Debug|Any CPU.Build.0 = Debug|Any CPU
		{C5D142F6-9F4E-CAB7-B2E0-2D61824420CE}.Release|Any CPU.ActiveCfg = Release|Any CPU
		{C5D142F6-9F4E-CAB7-B2E0-2D61824420CE}.Release|Any CPU.Build.0 = Release|Any CPU
	EndGlobalSection
	GlobalSection(SolutionProperties) = preSolution
		HideSolutionNode = FALSE
	EndGlobalSection
	GlobalSection(ExtensibilityGlobals) = postSolution
		SolutionGuid = {5EC05577-10F4-4A35-A209-ABFAF6A7F70E}
	EndGlobalSection
EndGlobal
